
Microsoft Visual Studio Solution File, Format Version 12.00
# Visual Studio Version 17
VisualStudioVersion = 17.2.32519.379
MinimumVisualStudioVersion = 10.0.40219.1
Project("{9A19103F-16F7-4668-BE54-9A1E7A4F7556}") = "EmailTrigger", "EmailTrigger\EmailTrigger.csproj", "{A10832CB-1769-4407-8269-437479B57578}"
EndProject
Project("{00D1A9C2-B5F0-4AF3-8072-F6C62B433612}") = "DatabaseScripts", "..\..\..\..\source\repos\DatabaseScripts\DatabaseScripts.sqlproj", "{27CBD1FD-93A6-46BC-906E-84C954C615E3}"
EndProject
Global
	GlobalSection(SolutionConfigurationPlatforms) = preSolution
		Debug|Any CPU = Debug|Any CPU
		Release|Any CPU = Release|Any CPU
	EndGlobalSection
	GlobalSection(ProjectConfigurationPlatforms) = postSolution
		{A10832CB-1769-4407-8269-437479B57578}.Debug|Any CPU.ActiveCfg = Debug|Any CPU
		{A10832CB-1769-4407-8269-437479B57578}.Debug|Any CPU.Build.0 = Debug|Any CPU
		{A10832CB-1769-4407-8269-437479B57578}.Release|Any CPU.ActiveCfg = Release|Any CPU
		{A10832CB-1769-4407-8269-437479B57578}.Release|Any CPU.Build.0 = Release|Any CPU
		{27CBD1FD-93A6-46BC-906E-84C954C615E3}.Debug|Any CPU.ActiveCfg = Debug|Any CPU
		{27CBD1FD-93A6-46BC-906E-84C954C615E3}.Debug|Any CPU.Build.0 = Debug|Any CPU
		{27CBD1FD-93A6-46BC-906E-84C954C615E3}.Debug|Any CPU.Deploy.0 = Debug|Any CPU
		{27CBD1FD-93A6-46BC-906E-84C954C615E3}.Release|Any CPU.ActiveCfg = Release|Any CPU
		{27CBD1FD-93A6-46BC-906E-84C954C615E3}.Release|Any CPU.Build.0 = Release|Any CPU
		{27CBD1FD-93A6-46BC-906E-84C954C615E3}.Release|Any CPU.Deploy.0 = Release|Any CPU
	EndGlobalSection
	GlobalSection(SolutionProperties) = preSolution
		HideSolutionNode = FALSE
	EndGlobalSection
	GlobalSection(ExtensibilityGlobals) = postSolution
		SolutionGuid = {4BA33CEF-750F-4A21-8565-2F16C1A94B7C}
	EndGlobalSection
EndGlobal
